PODS:
  - Flutter (1.0.0)
  - flutter_plugin_add (0.0.1):
    - Flutter

DEPENDENCIES:
  - Flutter (from `Flutter`)
  - flutter_plugin_add (from `.symlinks/plugins/flutter_plugin_add/ios`)

EXTERNAL SOURCES:
  Flutter:
    :path: Flutter
  flutter_plugin_add:
    :path: ".symlinks/plugins/flutter_plugin_add/ios"

SPEC CHECKSUMS:
  Flutter: f04841e97a9d0b0a8025694d0796dd46242b2854
  flutter_plugin_add: e263f16b0cea884190d09605143dd056373a57f7

PODFILE CHECKSUM: 663715e941f9adb426e33bf9376914006f9ea95b

COCOAPODS: 1.12.1
